// !$*UTF8*$!
{
	archiveVersion = 1;
	classes = {
	};
	objectVersion = 46;
	objects = {

/* Begin PBXBuildFile section */
		D158131216E883910009E11B /* Rdio.framework in Frameworks */ = {isa = PBXBuildFile; fileRef = D158131116E883910009E11B /* Rdio.framework */; };
		D158131516E883E40009E11B /* RdioArtist.m in Sources */ = {isa = PBXBuildFile; fileRef = D158131416E883E40009E11B /* RdioArtist.m */; };
		D158131816E883F20009E11B /* RdioAlbum.m in Sources */ = {isa = PBXBuildFile; fileRef = D158131716E883F20009E11B /* RdioAlbum.m */; };
		D158131B16E884020009E11B /* RdioSong.m in Sources */ = {isa = PBXBuildFile; fileRef = D158131A16E884020009E11B /* RdioSong.m */; };
		D158132116E885E50009E11B /* RdioCollectionViewController.m in Sources */ = {isa = PBXBuildFile; fileRef = D158132016E885E50009E11B /* RdioCollectionViewController.m */; };
		D158132616E88E060009E11B /* AudioToolbox.framework in Frameworks */ = {isa = PBXBuildFile; fileRef = D158132516E88E060009E11B /* AudioToolbox.framework */; };
		D158132816E88E0C0009E11B /* Security.framework in Frameworks */ = {isa = PBXBuildFile; fileRef = D158132716E88E0C0009E11B /* Security.framework */; };
		D158132A16E88E110009E11B /* CFNetwork.framework in Frameworks */ = {isa = PBXBuildFile; fileRef = D158132916E88E110009E11B /* CFNetwork.framework */; };
		D158132C16E88E3F0009E11B /* SystemConfiguration.framework in Frameworks */ = {isa = PBXBuildFile; fileRef = D158132B16E88E3F0009E11B /* SystemConfiguration.framework */; };
		D8021A4D16B5DB39002BEAF7 /* SonosMockResponses.m in Sources */ = {isa = PBXBuildFile; fileRef = D8021A4C16B5DB39002BEAF7 /* SonosMockResponses.m */; };
		D8030BF016928583002F57B6 /* examples in Resources */ = {isa = PBXBuildFile; fileRef = D8030BEF16928583002F57B6 /* examples */; };
		D819F64D16ADC2DA00B19B50 /* SOAPEnvelope.m in Sources */ = {isa = PBXBuildFile; fileRef = D819F64C16ADC2DA00B19B50 /* SOAPEnvelope.m */; };
		D819F65016ADC64300B19B50 /* SonosConnection.m in Sources */ = {isa = PBXBuildFile; fileRef = D819F64F16ADC64300B19B50 /* SonosConnection.m */; };
		D819F65416AE047500B19B50 /* SonosPositionInfoResponse.m in Sources */ = {isa = PBXBuildFile; fileRef = D819F65316AE047500B19B50 /* SonosPositionInfoResponse.m */; };
		D819F65B16AE165800B19B50 /* SonosErrorResponse.m in Sources */ = {isa = PBXBuildFile; fileRef = D819F65A16AE165800B19B50 /* SonosErrorResponse.m */; };
		D819F65D16AE1BB900B19B50 /* Examples.xml in Resources */ = {isa = PBXBuildFile; fileRef = D819F65C16AE1BB900B19B50 /* Examples.xml */; };
		D82B793516D7538000B5FF35 /* SonosVolumeResponse.m in Sources */ = {isa = PBXBuildFile; fileRef = D82B793416D7538000B5FF35 /* SonosVolumeResponse.m */; };
		D864953817B6F2D0006E7E46 /* PLProgressBar.m in Sources */ = {isa = PBXBuildFile; fileRef = D864953717B6F2D0006E7E46 /* PLProgressBar.m */; };
		D8824DDE1693880600D05AA0 /* PLAddInputViewController.m in Sources */ = {isa = PBXBuildFile; fileRef = D8824DDD1693880600D05AA0 /* PLAddInputViewController.m */; };
		D8824DE916938CA300D05AA0 /* SonosInput.m in Sources */ = {isa = PBXBuildFile; fileRef = D8824DE816938CA300D05AA0 /* SonosInput.m */; };
		D8824E2B169392FF00D05AA0 /* PLSource.m in Sources */ = {isa = PBXBuildFile; fileRef = D8824E2A169392FF00D05AA0 /* PLSource.m */; };
		D8824E2E1693992B00D05AA0 /* PLTextField.m in Sources */ = {isa = PBXBuildFile; fileRef = D8824E2D1693992B00D05AA0 /* PLTextField.m */; };
		D8824E3016939A3500D05AA0 /* QuartzCore.framework in Frameworks */ = {isa = PBXBuildFile; fileRef = D8824E2F16939A3500D05AA0 /* QuartzCore.framework */; };
		D8824E3416939C5D00D05AA0 /* UIViewController+ModalCheck.m in Sources */ = {isa = PBXBuildFile; fileRef = D8824E3316939C5D00D05AA0 /* UIViewController+ModalCheck.m */; };
		D8824E371693A52200D05AA0 /* SonosInputStore.m in Sources */ = {isa = PBXBuildFile; fileRef = D8824E361693A52200D05AA0 /* SonosInputStore.m */; };
		D8824E3E1693CEA600D05AA0 /* PLPlaylistsViewController.m in Sources */ = {isa = PBXBuildFile; fileRef = D8824E3D1693CEA500D05AA0 /* PLPlaylistsViewController.m */; };
		D8824E401693D01700D05AA0 /* MediaPlayer.framework in Frameworks */ = {isa = PBXBuildFile; fileRef = D8824E3F1693D01700D05AA0 /* MediaPlayer.framework */; };
		D8824E431693D45500D05AA0 /* PLSongViewController.m in Sources */ = {isa = PBXBuildFile; fileRef = D8824E421693D45500D05AA0 /* PLSongViewController.m */; };
		D8824E451693ECEC00D05AA0 /* AVFoundation.framework in Frameworks */ = {isa = PBXBuildFile; fileRef = D8824E441693ECEC00D05AA0 /* AVFoundation.framework */; };
		D885BF4317686CB100793DAC /* Media.xcassets in Resources */ = {isa = PBXBuildFile; fileRef = D885BF42176856C600793DAC /* Media.xcassets */; };
		D88D11531692BE740039067F /* PLSong.m in Sources */ = {isa = PBXBuildFile; fileRef = D88D11521692BE740039067F /* PLSong.m */; };
		D88D116016937AC80039067F /* PLLibraryViewController.m in Sources */ = {isa = PBXBuildFile; fileRef = D88D115F16937AC80039067F /* PLLibraryViewController.m */; };
		D88D116316937AE00039067F /* PLSpeakersViewController.m in Sources */ = {isa = PBXBuildFile; fileRef = D88D116216937AE00039067F /* PLSpeakersViewController.m */; };
		D88EA7EF16917C460011F6FB /* UIKit.framework in Frameworks */ = {isa = PBXBuildFile; fileRef = D88EA7EE16917C460011F6FB /* UIKit.framework */; };
		D88EA7F116917C460011F6FB /* Foundation.framework in Frameworks */ = {isa = PBXBuildFile; fileRef = D88EA7F016917C460011F6FB /* Foundation.framework */; };
		D88EA7F316917C460011F6FB /* CoreGraphics.framework in Frameworks */ = {isa = PBXBuildFile; fileRef = D88EA7F216917C460011F6FB /* CoreGraphics.framework */; };
		D88EA7F916917C460011F6FB /* InfoPlist.strings in Resources */ = {isa = PBXBuildFile; fileRef = D88EA7F716917C460011F6FB /* InfoPlist.strings */; };
		D88EA7FB16917C460011F6FB /* main.m in Sources */ = {isa = PBXBuildFile; fileRef = D88EA7FA16917C460011F6FB /* main.m */; };
		D88EA7FF16917C460011F6FB /* PLAppDelegate.m in Sources */ = {isa = PBXBuildFile; fileRef = D88EA7FE16917C460011F6FB /* PLAppDelegate.m */; };
		D88EA80116917C460011F6FB /* Default.png in Resources */ = {isa = PBXBuildFile; fileRef = D88EA80016917C460011F6FB /* Default.png */; };
		D88EA80316917C460011F6FB /* Default@2x.png in Resources */ = {isa = PBXBuildFile; fileRef = D88EA80216917C460011F6FB /* Default@2x.png */; };
		D88EA80516917C460011F6FB /* Default-568h@2x.png in Resources */ = {isa = PBXBuildFile; fileRef = D88EA80416917C460011F6FB /* Default-568h@2x.png */; };
		D88EA80816917C460011F6FB /* PLNowPlayingViewController.m in Sources */ = {isa = PBXBuildFile; fileRef = D88EA80716917C460011F6FB /* PLNowPlayingViewController.m */; };
		D88EA81A1691902A0011F6FB /* SonosController.m in Sources */ = {isa = PBXBuildFile; fileRef = D88EA8191691902A0011F6FB /* SonosController.m */; };
		D89337F71788DC0E00AF8A1B /* RdioPlaylistViewController.m in Sources */ = {isa = PBXBuildFile; fileRef = D89337F61788DBE600AF8A1B /* RdioPlaylistViewController.m */; };
		D89337FA178A1E6900AF8A1B /* RdioPlaylist.m in Sources */ = {isa = PBXBuildFile; fileRef = D89337F91788DC4200AF8A1B /* RdioPlaylist.m */; };
		D89337FD178A2B9800AF8A1B /* RdioSongsViewController.m in Sources */ = {isa = PBXBuildFile; fileRef = D89337FC178A2B6B00AF8A1B /* RdioSongsViewController.m */; };
		D898033B16D0159700D30813 /* OpenGLES.framework in Frameworks */ = {isa = PBXBuildFile; fileRef = D898033A16D0159700D30813 /* OpenGLES.framework */; };
		D898033D16D01A5600D30813 /* CoreImage.framework in Frameworks */ = {isa = PBXBuildFile; fileRef = D898033C16D01A5600D30813 /* CoreImage.framework */; };
		D8B4A33A17C0A9E900782ED8 /* PLDial.m in Sources */ = {isa = PBXBuildFile; fileRef = D8B4A33917C07B8E00782ED8 /* PLDial.m */; };
		D8B613DB1718077400F12446 /* NBDirectionGestureRecognizer.m in Sources */ = {isa = PBXBuildFile; fileRef = D8B613DA1718077400F12446 /* NBDirectionGestureRecognizer.m */; };
		D8B613E4171B5B7300F12446 /* PLInputCell.m in Sources */ = {isa = PBXBuildFile; fileRef = D8B613E3171B5B7300F12446 /* PLInputCell.m */; };
		D8C3471E173B7B9100D7B28C /* SonosTransportInfoResponse.m in Sources */ = {isa = PBXBuildFile; fileRef = D8C3471D173B7B9100D7B28C /* SonosTransportInfoResponse.m */; };
		D8D87D1516D3F0CA0059DBED /* PLVolumeSlider.m in Sources */ = {isa = PBXBuildFile; fileRef = D8D87D1416D3F0CA0059DBED /* PLVolumeSlider.m */; };
		D8DFB67D176D0F1A00593F92 /* UIImage+BlurImage.m in Sources */ = {isa = PBXBuildFile; fileRef = D8DFB67B176D0C7500593F92 /* UIImage+BlurImage.m */; };
/* End PBXBuildFile section */

/* Begin PBXFileReference section */
		D158131116E883910009E11B /* Rdio.framework */ = {isa = PBXFileReference; lastKnownFileType = wrapper.framework; name = Rdio.framework; path = Play/Rdio.framework; sourceTree = "<group>"; };
		D158131316E883E40009E11B /* RdioArtist.h */ = {isa = PBXFileReference; fileEncoding = 4; lastKnownFileType = sourcecode.c.h; path = RdioArtist.h; sourceTree = "<group>"; };
		D158131416E883E40009E11B /* RdioArtist.m */ = {isa = PBXFileReference; fileEncoding = 4; lastKnownFileType = sourcecode.c.objc; path = RdioArtist.m; sourceTree = "<group>"; };
		D158131616E883F20009E11B /* RdioAlbum.h */ = {isa = PBXFileReference; fileEncoding = 4; lastKnownFileType = sourcecode.c.h; path = RdioAlbum.h; sourceTree = "<group>"; };
		D158131716E883F20009E11B /* RdioAlbum.m */ = {isa = PBXFileReference; fileEncoding = 4; lastKnownFileType = sourcecode.c.objc; path = RdioAlbum.m; sourceTree = "<group>"; };
		D158131916E884020009E11B /* RdioSong.h */ = {isa = PBXFileReference; fileEncoding = 4; lastKnownFileType = sourcecode.c.h; path = RdioSong.h; sourceTree = "<group>"; };
		D158131A16E884020009E11B /* RdioSong.m */ = {isa = PBXFileReference; fileEncoding = 4; lastKnownFileType = sourcecode.c.objc; path = RdioSong.m; sourceTree = "<group>"; };
		D158131F16E885E50009E11B /* RdioCollectionViewController.h */ = {isa = PBXFileReference; fileEncoding = 4; lastKnownFileType = sourcecode.c.h; path = RdioCollectionViewController.h; sourceTree = "<group>"; };
		D158132016E885E50009E11B /* RdioCollectionViewController.m */ = {isa = PBXFileReference; fileEncoding = 4; lastKnownFileType = sourcecode.c.objc; path = RdioCollectionViewController.m; sourceTree = "<group>"; };
		D158132516E88E060009E11B /* AudioToolbox.framework */ = {isa = PBXFileReference; lastKnownFileType = wrapper.framework; name = AudioToolbox.framework; path = System/Library/Frameworks/AudioToolbox.framework; sourceTree = SDKROOT; };
		D158132716E88E0C0009E11B /* Security.framework */ = {isa = PBXFileReference; lastKnownFileType = wrapper.framework; name = Security.framework; path = System/Library/Frameworks/Security.framework; sourceTree = SDKROOT; };
		D158132916E88E110009E11B /* CFNetwork.framework */ = {isa = PBXFileReference; lastKnownFileType = wrapper.framework; name = CFNetwork.framework; path = System/Library/Frameworks/CFNetwork.framework; sourceTree = SDKROOT; };
		D158132B16E88E3F0009E11B /* SystemConfiguration.framework */ = {isa = PBXFileReference; lastKnownFileType = wrapper.framework; name = SystemConfiguration.framework; path = System/Library/Frameworks/SystemConfiguration.framework; sourceTree = SDKROOT; };
		D8021A4B16B5DB39002BEAF7 /* SonosMockResponses.h */ = {isa = PBXFileReference; fileEncoding = 4; lastKnownFileType = sourcecode.c.h; path = SonosMockResponses.h; sourceTree = "<group>"; };
		D8021A4C16B5DB39002BEAF7 /* SonosMockResponses.m */ = {isa = PBXFileReference; fileEncoding = 4; lastKnownFileType = sourcecode.c.objc; path = SonosMockResponses.m; sourceTree = "<group>"; };
		D8030BEF16928583002F57B6 /* examples */ = {isa = PBXFileReference; fileEncoding = 4; lastKnownFileType = text; path = examples; sourceTree = "<group>"; };
		D819F64B16ADC2DA00B19B50 /* SOAPEnvelope.h */ = {isa = PBXFileReference; fileEncoding = 4; lastKnownFileType = sourcecode.c.h; path = SOAPEnvelope.h; sourceTree = "<group>"; };
		D819F64C16ADC2DA00B19B50 /* SOAPEnvelope.m */ = {isa = PBXFileReference; fileEncoding = 4; lastKnownFileType = sourcecode.c.objc; path = SOAPEnvelope.m; sourceTree = "<group>"; };
		D819F64E16ADC64300B19B50 /* SonosConnection.h */ = {isa = PBXFileReference; fileEncoding = 4; lastKnownFileType = sourcecode.c.h; path = SonosConnection.h; sourceTree = "<group>"; };
		D819F64F16ADC64300B19B50 /* SonosConnection.m */ = {isa = PBXFileReference; fileEncoding = 4; lastKnownFileType = sourcecode.c.objc; path = SonosConnection.m; sourceTree = "<group>"; };
		D819F65216AE047500B19B50 /* SonosPositionInfoResponse.h */ = {isa = PBXFileReference; fileEncoding = 4; lastKnownFileType = sourcecode.c.h; path = SonosPositionInfoResponse.h; sourceTree = "<group>"; };
		D819F65316AE047500B19B50 /* SonosPositionInfoResponse.m */ = {isa = PBXFileReference; fileEncoding = 4; lastKnownFileType = sourcecode.c.objc; path = SonosPositionInfoResponse.m; sourceTree = "<group>"; };
		D819F65916AE165800B19B50 /* SonosErrorResponse.h */ = {isa = PBXFileReference; fileEncoding = 4; lastKnownFileType = sourcecode.c.h; path = SonosErrorResponse.h; sourceTree = "<group>"; };
		D819F65A16AE165800B19B50 /* SonosErrorResponse.m */ = {isa = PBXFileReference; fileEncoding = 4; lastKnownFileType = sourcecode.c.objc; path = SonosErrorResponse.m; sourceTree = "<group>"; };
		D819F65C16AE1BB900B19B50 /* Examples.xml */ = {isa = PBXFileReference; fileEncoding = 4; lastKnownFileType = text.xml; path = Examples.xml; sourceTree = "<group>"; };
		D81DE37A16ED687400F21111 /* Play-Debug.xcconfig */ = {isa = PBXFileReference; lastKnownFileType = text.xcconfig; path = "Play-Debug.xcconfig"; sourceTree = "<group>"; };
		D82B793316D7538000B5FF35 /* SonosVolumeResponse.h */ = {isa = PBXFileReference; fileEncoding = 4; lastKnownFileType = sourcecode.c.h; path = SonosVolumeResponse.h; sourceTree = "<group>"; };
		D82B793416D7538000B5FF35 /* SonosVolumeResponse.m */ = {isa = PBXFileReference; fileEncoding = 4; lastKnownFileType = sourcecode.c.objc; path = SonosVolumeResponse.m; sourceTree = "<group>"; };
		D864953617B6F2D0006E7E46 /* PLProgressBar.h */ = {isa = PBXFileReference; fileEncoding = 4; lastKnownFileType = sourcecode.c.h; path = PLProgressBar.h; sourceTree = "<group>"; };
		D864953717B6F2D0006E7E46 /* PLProgressBar.m */ = {isa = PBXFileReference; fileEncoding = 4; lastKnownFileType = sourcecode.c.objc; path = PLProgressBar.m; sourceTree = "<group>"; };
		D8824DDC1693880600D05AA0 /* PLAddInputViewController.h */ = {isa = PBXFileReference; fileEncoding = 4; lastKnownFileType = sourcecode.c.h; path = PLAddInputViewController.h; sourceTree = "<group>"; };
		D8824DDD1693880600D05AA0 /* PLAddInputViewController.m */ = {isa = PBXFileReference; fileEncoding = 4; lastKnownFileType = sourcecode.c.objc; path = PLAddInputViewController.m; sourceTree = "<group>"; };
		D8824DE716938CA300D05AA0 /* SonosInput.h */ = {isa = PBXFileReference; fileEncoding = 4; lastKnownFileType = sourcecode.c.h; path = SonosInput.h; sourceTree = "<group>"; };
		D8824DE816938CA300D05AA0 /* SonosInput.m */ = {isa = PBXFileReference; fileEncoding = 4; lastKnownFileType = sourcecode.c.objc; path = SonosInput.m; sourceTree = "<group>"; };
		D8824E29169392FF00D05AA0 /* PLSource.h */ = {isa = PBXFileReference; fileEncoding = 4; lastKnownFileType = sourcecode.c.h; path = PLSource.h; sourceTree = "<group>"; };
		D8824E2A169392FF00D05AA0 /* PLSource.m */ = {isa = PBXFileReference; fileEncoding = 4; lastKnownFileType = sourcecode.c.objc; path = PLSource.m; sourceTree = "<group>"; };
		D8824E2C1693992B00D05AA0 /* PLTextField.h */ = {isa = PBXFileReference; fileEncoding = 4; lastKnownFileType = sourcecode.c.h; path = PLTextField.h; sourceTree = "<group>"; };
		D8824E2D1693992B00D05AA0 /* PLTextField.m */ = {isa = PBXFileReference; fileEncoding = 4; lastKnownFileType = sourcecode.c.objc; path = PLTextField.m; sourceTree = "<group>"; };
		D8824E2F16939A3500D05AA0 /* QuartzCore.framework */ = {isa = PBXFileReference; lastKnownFileType = wrapper.framework; name = QuartzCore.framework; path = System/Library/Frameworks/QuartzCore.framework; sourceTree = SDKROOT; };
		D8824E3216939C5D00D05AA0 /* UIViewController+ModalCheck.h */ = {isa = PBXFileReference; fileEncoding = 4; lastKnownFileType = sourcecode.c.h; path = "UIViewController+ModalCheck.h"; sourceTree = "<group>"; };
		D8824E3316939C5D00D05AA0 /* UIViewController+ModalCheck.m */ = {isa = PBXFileReference; fileEncoding = 4; lastKnownFileType = sourcecode.c.objc; path = "UIViewController+ModalCheck.m"; sourceTree = "<group>"; };
		D8824E351693A52100D05AA0 /* SonosInputStore.h */ = {isa = PBXFileReference; fileEncoding = 4; lastKnownFileType = sourcecode.c.h; path = SonosInputStore.h; sourceTree = "<group>"; };
		D8824E361693A52200D05AA0 /* SonosInputStore.m */ = {isa = PBXFileReference; fileEncoding = 4; lastKnownFileType = sourcecode.c.objc; path = SonosInputStore.m; sourceTree = "<group>"; };
		D8824E3C1693CEA500D05AA0 /* PLPlaylistsViewController.h */ = {isa = PBXFileReference; fileEncoding = 4; lastKnownFileType = sourcecode.c.h; path = PLPlaylistsViewController.h; sourceTree = "<group>"; };
		D8824E3D1693CEA500D05AA0 /* PLPlaylistsViewController.m */ = {isa = PBXFileReference; fileEncoding = 4; lastKnownFileType = sourcecode.c.objc; path = PLPlaylistsViewController.m; sourceTree = "<group>"; };
		D8824E3F1693D01700D05AA0 /* MediaPlayer.framework */ = {isa = PBXFileReference; lastKnownFileType = wrapper.framework; name = MediaPlayer.framework; path = System/Library/Frameworks/MediaPlayer.framework; sourceTree = SDKROOT; };
		D8824E411693D45400D05AA0 /* PLSongViewController.h */ = {isa = PBXFileReference; fileEncoding = 4; lastKnownFileType = sourcecode.c.h; path = PLSongViewController.h; sourceTree = "<group>"; };
		D8824E421693D45500D05AA0 /* PLSongViewController.m */ = {isa = PBXFileReference; fileEncoding = 4; lastKnownFileType = sourcecode.c.objc; path = PLSongViewController.m; sourceTree = "<group>"; };
		D8824E441693ECEC00D05AA0 /* AVFoundation.framework */ = {isa = PBXFileReference; lastKnownFileType = wrapper.framework; name = AVFoundation.framework; path = System/Library/Frameworks/AVFoundation.framework; sourceTree = SDKROOT; };
		D885BF42176856C600793DAC /* Media.xcassets */ = {isa = PBXFileReference; lastKnownFileType = folder.assetcatalog; path = Media.xcassets; sourceTree = "<group>"; };
		D88D11511692BE740039067F /* PLSong.h */ = {isa = PBXFileReference; fileEncoding = 4; lastKnownFileType = sourcecode.c.h; path = PLSong.h; sourceTree = "<group>"; };
		D88D11521692BE740039067F /* PLSong.m */ = {isa = PBXFileReference; fileEncoding = 4; lastKnownFileType = sourcecode.c.objc; path = PLSong.m; sourceTree = "<group>"; };
		D88D115E16937AC80039067F /* PLLibraryViewController.h */ = {isa = PBXFileReference; fileEncoding = 4; lastKnownFileType = sourcecode.c.h; path = PLLibraryViewController.h; sourceTree = "<group>"; };
		D88D115F16937AC80039067F /* PLLibraryViewController.m */ = {isa = PBXFileReference; fileEncoding = 4; lastKnownFileType = sourcecode.c.objc; path = PLLibraryViewController.m; sourceTree = "<group>"; };
		D88D116116937ADF0039067F /* PLSpeakersViewController.h */ = {isa = PBXFileReference; fileEncoding = 4; lastKnownFileType = sourcecode.c.h; path = PLSpeakersViewController.h; sourceTree = "<group>"; };
		D88D116216937AE00039067F /* PLSpeakersViewController.m */ = {isa = PBXFileReference; fileEncoding = 4; lastKnownFileType = sourcecode.c.objc; path = PLSpeakersViewController.m; sourceTree = "<group>"; };
		D88EA7EA16917C460011F6FB /* Play.app */ = {isa = PBXFileReference; explicitFileType = wrapper.application; includeInIndex = 0; path = Play.app; sourceTree = BUILT_PRODUCTS_DIR; };
		D88EA7EE16917C460011F6FB /* UIKit.framework */ = {isa = PBXFileReference; lastKnownFileType = wrapper.framework; name = UIKit.framework; path = System/Library/Frameworks/UIKit.framework; sourceTree = SDKROOT; };
		D88EA7F016917C460011F6FB /* Foundation.framework */ = {isa = PBXFileReference; lastKnownFileType = wrapper.framework; name = Foundation.framework; path = System/Library/Frameworks/Foundation.framework; sourceTree = SDKROOT; };
		D88EA7F216917C460011F6FB /* CoreGraphics.framework */ = {isa = PBXFileReference; lastKnownFileType = wrapper.framework; name = CoreGraphics.framework; path = System/Library/Frameworks/CoreGraphics.framework; sourceTree = SDKROOT; };
		D88EA7F616917C460011F6FB /* Play-Info.plist */ = {isa = PBXFileReference; lastKnownFileType = text.plist.xml; path = "Play-Info.plist"; sourceTree = "<group>"; };
		D88EA7F816917C460011F6FB /* en */ = {isa = PBXFileReference; lastKnownFileType = text.plist.strings; name = en; path = en.lproj/InfoPlist.strings; sourceTree = "<group>"; };
		D88EA7FA16917C460011F6FB /* main.m */ = {isa = PBXFileReference; lastKnownFileType = sourcecode.c.objc; path = main.m; sourceTree = "<group>"; };
		D88EA7FC16917C460011F6FB /* Play-Prefix.pch */ = {isa = PBXFileReference; lastKnownFileType = sourcecode.c.h; path = "Play-Prefix.pch"; sourceTree = "<group>"; };
		D88EA7FD16917C460011F6FB /* PLAppDelegate.h */ = {isa = PBXFileReference; lastKnownFileType = sourcecode.c.h; path = PLAppDelegate.h; sourceTree = "<group>"; };
		D88EA7FE16917C460011F6FB /* PLAppDelegate.m */ = {isa = PBXFileReference; lastKnownFileType = sourcecode.c.objc; path = PLAppDelegate.m; sourceTree = "<group>"; };
		D88EA80016917C460011F6FB /* Default.png */ = {isa = PBXFileReference; lastKnownFileType = image.png; path = Default.png; sourceTree = "<group>"; };
		D88EA80216917C460011F6FB /* Default@2x.png */ = {isa = PBXFileReference; lastKnownFileType = image.png; path = "Default@2x.png"; sourceTree = "<group>"; };
		D88EA80416917C460011F6FB /* Default-568h@2x.png */ = {isa = PBXFileReference; lastKnownFileType = image.png; path = "Default-568h@2x.png"; sourceTree = "<group>"; };
		D88EA80616917C460011F6FB /* PLNowPlayingViewController.h */ = {isa = PBXFileReference; lastKnownFileType = sourcecode.c.h; path = PLNowPlayingViewController.h; sourceTree = "<group>"; };
		D88EA80716917C460011F6FB /* PLNowPlayingViewController.m */ = {isa = PBXFileReference; lastKnownFileType = sourcecode.c.objc; path = PLNowPlayingViewController.m; sourceTree = "<group>"; };
		D88EA8181691902A0011F6FB /* SonosController.h */ = {isa = PBXFileReference; fileEncoding = 4; lastKnownFileType = sourcecode.c.h; path = SonosController.h; sourceTree = "<group>"; };
		D88EA8191691902A0011F6FB /* SonosController.m */ = {isa = PBXFileReference; fileEncoding = 4; lastKnownFileType = sourcecode.c.objc; path = SonosController.m; sourceTree = "<group>"; };
		D89337F51788DBE600AF8A1B /* RdioPlaylistViewController.h */ = {isa = PBXFileReference; lastKnownFileType = sourcecode.c.h; path = RdioPlaylistViewController.h; sourceTree = "<group>"; };
		D89337F61788DBE600AF8A1B /* RdioPlaylistViewController.m */ = {isa = PBXFileReference; lastKnownFileType = sourcecode.c.objc; path = RdioPlaylistViewController.m; sourceTree = "<group>"; };
		D89337F81788DC4200AF8A1B /* RdioPlaylist.h */ = {isa = PBXFileReference; lastKnownFileType = sourcecode.c.h; path = RdioPlaylist.h; sourceTree = "<group>"; };
		D89337F91788DC4200AF8A1B /* RdioPlaylist.m */ = {isa = PBXFileReference; lastKnownFileType = sourcecode.c.objc; path = RdioPlaylist.m; sourceTree = "<group>"; };
		D89337FB178A2B6B00AF8A1B /* RdioSongsViewController.h */ = {isa = PBXFileReference; lastKnownFileType = sourcecode.c.h; path = RdioSongsViewController.h; sourceTree = "<group>"; };
		D89337FC178A2B6B00AF8A1B /* RdioSongsViewController.m */ = {isa = PBXFileReference; lastKnownFileType = sourcecode.c.objc; path = RdioSongsViewController.m; sourceTree = "<group>"; };
		D898033A16D0159700D30813 /* OpenGLES.framework */ = {isa = PBXFileReference; lastKnownFileType = wrapper.framework; name = OpenGLES.framework; path = System/Library/Frameworks/OpenGLES.framework; sourceTree = SDKROOT; };
		D898033C16D01A5600D30813 /* CoreImage.framework */ = {isa = PBXFileReference; lastKnownFileType = wrapper.framework; name = CoreImage.framework; path = System/Library/Frameworks/CoreImage.framework; sourceTree = SDKROOT; };
		D8B4A33817C07B8E00782ED8 /* PLDial.h */ = {isa = PBXFileReference; lastKnownFileType = sourcecode.c.h; path = PLDial.h; sourceTree = "<group>"; };
		D8B4A33917C07B8E00782ED8 /* PLDial.m */ = {isa = PBXFileReference; lastKnownFileType = sourcecode.c.objc; path = PLDial.m; sourceTree = "<group>"; };
		D8B613D91718077400F12446 /* NBDirectionGestureRecognizer.h */ = {isa = PBXFileReference; fileEncoding = 4; lastKnownFileType = sourcecode.c.h; name = NBDirectionGestureRecognizer.h; path = NBKit/NBDirectionGestureRecognizer.h; sourceTree = "<group>"; };
		D8B613DA1718077400F12446 /* NBDirectionGestureRecognizer.m */ = {isa = PBXFileReference; fileEncoding = 4; lastKnownFileType = sourcecode.c.objc; name = NBDirectionGestureRecognizer.m; path = NBKit/NBDirectionGestureRecognizer.m; sourceTree = "<group>"; };
		D8B613E2171B5B7300F12446 /* PLInputCell.h */ = {isa = PBXFileReference; fileEncoding = 4; lastKnownFileType = sourcecode.c.h; path = PLInputCell.h; sourceTree = "<group>"; };
		D8B613E3171B5B7300F12446 /* PLInputCell.m */ = {isa = PBXFileReference; fileEncoding = 4; lastKnownFileType = sourcecode.c.objc; path = PLInputCell.m; sourceTree = "<group>"; };
		D8C3471C173B7B9100D7B28C /* SonosTransportInfoResponse.h */ = {isa = PBXFileReference; fileEncoding = 4; lastKnownFileType = sourcecode.c.h; path = SonosTransportInfoResponse.h; sourceTree = "<group>"; };
		D8C3471D173B7B9100D7B28C /* SonosTransportInfoResponse.m */ = {isa = PBXFileReference; fileEncoding = 4; lastKnownFileType = sourcecode.c.objc; path = SonosTransportInfoResponse.m; sourceTree = "<group>"; };
		D8D87D1316D3F0CA0059DBED /* PLVolumeSlider.h */ = {isa = PBXFileReference; fileEncoding = 4; lastKnownFileType = sourcecode.c.h; path = PLVolumeSlider.h; sourceTree = "<group>"; };
		D8D87D1416D3F0CA0059DBED /* PLVolumeSlider.m */ = {isa = PBXFileReference; fileEncoding = 4; lastKnownFileType = sourcecode.c.objc; path = PLVolumeSlider.m; sourceTree = "<group>"; };
		D8DFB67A176D0C7500593F92 /* UIImage+BlurImage.h */ = {isa = PBXFileReference; lastKnownFileType = sourcecode.c.h; path = "UIImage+BlurImage.h"; sourceTree = "<group>"; };
		D8DFB67B176D0C7500593F92 /* UIImage+BlurImage.m */ = {isa = PBXFileReference; lastKnownFileType = sourcecode.c.objc; path = "UIImage+BlurImage.m"; sourceTree = "<group>"; };
/* End PBXFileReference section */

/* Begin PBXFrameworksBuildPhase section */
		D88EA7E716917C460011F6FB /* Frameworks */ = {
			isa = PBXFrameworksBuildPhase;
			buildActionMask = 2147483647;
			files = (
				D158132C16E88E3F0009E11B /* SystemConfiguration.framework in Frameworks */,
				D158132A16E88E110009E11B /* CFNetwork.framework in Frameworks */,
				D158132816E88E0C0009E11B /* Security.framework in Frameworks */,
				D158132616E88E060009E11B /* AudioToolbox.framework in Frameworks */,
				D898033D16D01A5600D30813 /* CoreImage.framework in Frameworks */,
				D898033B16D0159700D30813 /* OpenGLES.framework in Frameworks */,
				D8824E451693ECEC00D05AA0 /* AVFoundation.framework in Frameworks */,
				D8824E401693D01700D05AA0 /* MediaPlayer.framework in Frameworks */,
				D8824E3016939A3500D05AA0 /* QuartzCore.framework in Frameworks */,
				D88EA7EF16917C460011F6FB /* UIKit.framework in Frameworks */,
				D88EA7F116917C460011F6FB /* Foundation.framework in Frameworks */,
				D88EA7F316917C460011F6FB /* CoreGraphics.framework in Frameworks */,
				D158131216E883910009E11B /* Rdio.framework in Frameworks */,
			);
			runOnlyForDeploymentPostprocessing = 0;
		};
/* End PBXFrameworksBuildPhase section */

/* Begin PBXGroup section */
		D158131016E883580009E11B /* Rdio */ = {
			isa = PBXGroup;
			children = (
				D158131316E883E40009E11B /* RdioArtist.h */,
				D158131416E883E40009E11B /* RdioArtist.m */,
				D158131616E883F20009E11B /* RdioAlbum.h */,
				D158131716E883F20009E11B /* RdioAlbum.m */,
				D158131916E884020009E11B /* RdioSong.h */,
				D158131A16E884020009E11B /* RdioSong.m */,
				D89337F81788DC4200AF8A1B /* RdioPlaylist.h */,
				D89337F91788DC4200AF8A1B /* RdioPlaylist.m */,
				D158131F16E885E50009E11B /* RdioCollectionViewController.h */,
				D158132016E885E50009E11B /* RdioCollectionViewController.m */,
				D89337F51788DBE600AF8A1B /* RdioPlaylistViewController.h */,
				D89337F61788DBE600AF8A1B /* RdioPlaylistViewController.m */,
				D89337FB178A2B6B00AF8A1B /* RdioSongsViewController.h */,
				D89337FC178A2B6B00AF8A1B /* RdioSongsViewController.m */,
			);
			name = Rdio;
			sourceTree = "<group>";
		};
		D819F65116AE044F00B19B50 /* Sonos */ = {
			isa = PBXGroup;
			children = (
				D88EA8181691902A0011F6FB /* SonosController.h */,
				D88EA8191691902A0011F6FB /* SonosController.m */,
				D819F64E16ADC64300B19B50 /* SonosConnection.h */,
				D819F64F16ADC64300B19B50 /* SonosConnection.m */,
				D819F64B16ADC2DA00B19B50 /* SOAPEnvelope.h */,
				D819F64C16ADC2DA00B19B50 /* SOAPEnvelope.m */,
				D82B793316D7538000B5FF35 /* SonosVolumeResponse.h */,
				D82B793416D7538000B5FF35 /* SonosVolumeResponse.m */,
				D819F65216AE047500B19B50 /* SonosPositionInfoResponse.h */,
				D819F65316AE047500B19B50 /* SonosPositionInfoResponse.m */,
				D819F65916AE165800B19B50 /* SonosErrorResponse.h */,
				D819F65A16AE165800B19B50 /* SonosErrorResponse.m */,
				D8021A4B16B5DB39002BEAF7 /* SonosMockResponses.h */,
				D8021A4C16B5DB39002BEAF7 /* SonosMockResponses.m */,
				D8824E351693A52100D05AA0 /* SonosInputStore.h */,
				D8824E361693A52200D05AA0 /* SonosInputStore.m */,
				D8824DE716938CA300D05AA0 /* SonosInput.h */,
				D8824DE816938CA300D05AA0 /* SonosInput.m */,
				D819F65C16AE1BB900B19B50 /* Examples.xml */,
				D8C3471C173B7B9100D7B28C /* SonosTransportInfoResponse.h */,
				D8C3471D173B7B9100D7B28C /* SonosTransportInfoResponse.m */,
			);
			name = Sonos;
			sourceTree = "<group>";
		};
		D8824DE616938C8900D05AA0 /* Data */ = {
			isa = PBXGroup;
			children = (
				D88D11511692BE740039067F /* PLSong.h */,
				D88D11521692BE740039067F /* PLSong.m */,
				D8824E29169392FF00D05AA0 /* PLSource.h */,
				D8824E2A169392FF00D05AA0 /* PLSource.m */,
			);
			name = Data;
			sourceTree = "<group>";
		};
		D8824E281693921400D05AA0 /* UI Elements */ = {
			isa = PBXGroup;
			children = (
				D8B4A33817C07B8E00782ED8 /* PLDial.h */,
				D8B4A33917C07B8E00782ED8 /* PLDial.m */,
				D8824E2C1693992B00D05AA0 /* PLTextField.h */,
				D8824E2D1693992B00D05AA0 /* PLTextField.m */,
				D8D87D1316D3F0CA0059DBED /* PLVolumeSlider.h */,
				D8D87D1416D3F0CA0059DBED /* PLVolumeSlider.m */,
				D8B613E2171B5B7300F12446 /* PLInputCell.h */,
				D8B613E3171B5B7300F12446 /* PLInputCell.m */,
				D864953617B6F2D0006E7E46 /* PLProgressBar.h */,
				D864953717B6F2D0006E7E46 /* PLProgressBar.m */,
			);
			name = "UI Elements";
			sourceTree = "<group>";
		};
		D8824E3116939C3900D05AA0 /* Categories */ = {
			isa = PBXGroup;
			children = (
				D8824E3216939C5D00D05AA0 /* UIViewController+ModalCheck.h */,
				D8824E3316939C5D00D05AA0 /* UIViewController+ModalCheck.m */,
				D8DFB67A176D0C7500593F92 /* UIImage+BlurImage.h */,
				D8DFB67B176D0C7500593F92 /* UIImage+BlurImage.m */,
			);
			name = Categories;
			sourceTree = "<group>";
		};
		D88EA7DF16917C460011F6FB = {
			isa = PBXGroup;
			children = (
				D88EA7F416917C460011F6FB /* Play */,
				D88EA7ED16917C460011F6FB /* Frameworks */,
				D88EA7EB16917C460011F6FB /* Products */,
			);
			sourceTree = "<group>";
		};
		D88EA7EB16917C460011F6FB /* Products */ = {
			isa = PBXGroup;
			children = (
				D88EA7EA16917C460011F6FB /* Play.app */,
			);
			name = Products;
			sourceTree = "<group>";
		};
		D88EA7ED16917C460011F6FB /* Frameworks */ = {
			isa = PBXGroup;
			children = (
				D158132B16E88E3F0009E11B /* SystemConfiguration.framework */,
				D158132916E88E110009E11B /* CFNetwork.framework */,
				D158132716E88E0C0009E11B /* Security.framework */,
				D158132516E88E060009E11B /* AudioToolbox.framework */,
				D158131116E883910009E11B /* Rdio.framework */,
				D898033C16D01A5600D30813 /* CoreImage.framework */,
				D8824E441693ECEC00D05AA0 /* AVFoundation.framework */,
				D8824E3F1693D01700D05AA0 /* MediaPlayer.framework */,
				D8824E2F16939A3500D05AA0 /* QuartzCore.framework */,
				D88EA7EE16917C460011F6FB /* UIKit.framework */,
				D88EA7F016917C460011F6FB /* Foundation.framework */,
				D88EA7F216917C460011F6FB /* CoreGraphics.framework */,
				D898033A16D0159700D30813 /* OpenGLES.framework */,
			);
			name = Frameworks;
			sourceTree = "<group>";
		};
		D88EA7F416917C460011F6FB /* Play */ = {
			isa = PBXGroup;
			children = (
				D8B613D51717FD2200F12446 /* NBKit */,
				D88EA7FD16917C460011F6FB /* PLAppDelegate.h */,
				D88EA7FE16917C460011F6FB /* PLAppDelegate.m */,
				D88D115E16937AC80039067F /* PLLibraryViewController.h */,
				D88D115F16937AC80039067F /* PLLibraryViewController.m */,
				D88D116116937ADF0039067F /* PLSpeakersViewController.h */,
				D88D116216937AE00039067F /* PLSpeakersViewController.m */,
				D88EA80616917C460011F6FB /* PLNowPlayingViewController.h */,
				D88EA80716917C460011F6FB /* PLNowPlayingViewController.m */,
				D8824DDC1693880600D05AA0 /* PLAddInputViewController.h */,
				D8824DDD1693880600D05AA0 /* PLAddInputViewController.m */,
				D8824E3C1693CEA500D05AA0 /* PLPlaylistsViewController.h */,
				D8824E3D1693CEA500D05AA0 /* PLPlaylistsViewController.m */,
				D8824E411693D45400D05AA0 /* PLSongViewController.h */,
				D8824E421693D45500D05AA0 /* PLSongViewController.m */,
				D819F65116AE044F00B19B50 /* Sonos */,
				D8824DE616938C8900D05AA0 /* Data */,
				D158131016E883580009E11B /* Rdio */,
				D8824E281693921400D05AA0 /* UI Elements */,
				D8824E3116939C3900D05AA0 /* Categories */,
				D88EA7F516917C460011F6FB /* Supporting Files */,
				D885BF42176856C600793DAC /* Media.xcassets */,
			);
			path = Play;
			sourceTree = "<group>";
		};
		D88EA7F516917C460011F6FB /* Supporting Files */ = {
			isa = PBXGroup;
			children = (
				D88EA7F616917C460011F6FB /* Play-Info.plist */,
				D88EA7F716917C460011F6FB /* InfoPlist.strings */,
				D88EA7FA16917C460011F6FB /* main.m */,
				D88EA7FC16917C460011F6FB /* Play-Prefix.pch */,
				D88EA80016917C460011F6FB /* Default.png */,
				D88EA80216917C460011F6FB /* Default@2x.png */,
				D88EA80416917C460011F6FB /* Default-568h@2x.png */,
				D8030BEF16928583002F57B6 /* examples */,
				D81DE37A16ED687400F21111 /* Play-Debug.xcconfig */,
			);
			name = "Supporting Files";
			sourceTree = "<group>";
		};
		D8B613D51717FD2200F12446 /* NBKit */ = {
			isa = PBXGroup;
			children = (
				D8B613D91718077400F12446 /* NBDirectionGestureRecognizer.h */,
				D8B613DA1718077400F12446 /* NBDirectionGestureRecognizer.m */,
			);
			name = NBKit;
			sourceTree = "<group>";
		};
/* End PBXGroup section */

/* Begin PBXNativeTarget section */
		D88EA7E916917C460011F6FB /* Play */ = {
			isa = PBXNativeTarget;
			buildConfigurationList = D88EA80E16917C460011F6FB /* Build configuration list for PBXNativeTarget "Play" */;
			buildPhases = (
				D88EA7E616917C460011F6FB /* Sources */,
				D88EA7E716917C460011F6FB /* Frameworks */,
				D88EA7E816917C460011F6FB /* Resources */,
			);
			buildRules = (
			);
			dependencies = (
			);
			name = Play;
			productName = Play;
			productReference = D88EA7EA16917C460011F6FB /* Play.app */;
			productType = "com.apple.product-type.application";
		};
/* End PBXNativeTarget section */

/* Begin PBXProject section */
		D88EA7E116917C460011F6FB /* Project object */ = {
			isa = PBXProject;
			attributes = {
				LastUpgradeCheck = 0500;
				ORGANIZATIONNAME = "Nathan Borror";
			};
			buildConfigurationList = D88EA7E416917C460011F6FB /* Build configuration list for PBXProject "Play" */;
			compatibilityVersion = "Xcode 3.2";
			developmentRegion = English;
			hasScannedForEncodings = 0;
			knownRegions = (
				en,
			);
			mainGroup = D88EA7DF16917C460011F6FB;
			productRefGroup = D88EA7EB16917C460011F6FB /* Products */;
			projectDirPath = "";
			projectRoot = "";
			targets = (
				D88EA7E916917C460011F6FB /* Play */,
			);
		};
/* End PBXProject section */

/* Begin PBXResourcesBuildPhase section */
		D88EA7E816917C460011F6FB /* Resources */ = {
			isa = PBXResourcesBuildPhase;
			buildActionMask = 2147483647;
			files = (
				D885BF4317686CB100793DAC /* Media.xcassets in Resources */,
				D88EA7F916917C460011F6FB /* InfoPlist.strings in Resources */,
				D88EA80116917C460011F6FB /* Default.png in Resources */,
				D88EA80316917C460011F6FB /* Default@2x.png in Resources */,
				D88EA80516917C460011F6FB /* Default-568h@2x.png in Resources */,
				D8030BF016928583002F57B6 /* examples in Resources */,
				D819F65D16AE1BB900B19B50 /* Examples.xml in Resources */,
			);
			runOnlyForDeploymentPostprocessing = 0;
		};
/* End PBXResourcesBuildPhase section */

/* Begin PBXSourcesBuildPhase section */
		D88EA7E616917C460011F6FB /* Sources */ = {
			isa = PBXSourcesBuildPhase;
			buildActionMask = 2147483647;
			files = (
				D8B4A33A17C0A9E900782ED8 /* PLDial.m in Sources */,
				D89337FD178A2B9800AF8A1B /* RdioSongsViewController.m in Sources */,
				D89337FA178A1E6900AF8A1B /* RdioPlaylist.m in Sources */,
				D89337F71788DC0E00AF8A1B /* RdioPlaylistViewController.m in Sources */,
				D8DFB67D176D0F1A00593F92 /* UIImage+BlurImage.m in Sources */,
				D88EA7FB16917C460011F6FB /* main.m in Sources */,
				D88EA7FF16917C460011F6FB /* PLAppDelegate.m in Sources */,
				D88EA80816917C460011F6FB /* PLNowPlayingViewController.m in Sources */,
				D88EA81A1691902A0011F6FB /* SonosController.m in Sources */,
				D88D11531692BE740039067F /* PLSong.m in Sources */,
				D88D116016937AC80039067F /* PLLibraryViewController.m in Sources */,
				D88D116316937AE00039067F /* PLSpeakersViewController.m in Sources */,
				D8824DDE1693880600D05AA0 /* PLAddInputViewController.m in Sources */,
				D8824DE916938CA300D05AA0 /* SonosInput.m in Sources */,
				D864953817B6F2D0006E7E46 /* PLProgressBar.m in Sources */,
				D8824E2B169392FF00D05AA0 /* PLSource.m in Sources */,
				D8824E2E1693992B00D05AA0 /* PLTextField.m in Sources */,
				D8824E3416939C5D00D05AA0 /* UIViewController+ModalCheck.m in Sources */,
				D8824E371693A52200D05AA0 /* SonosInputStore.m in Sources */,
				D8824E3E1693CEA600D05AA0 /* PLPlaylistsViewController.m in Sources */,
				D8824E431693D45500D05AA0 /* PLSongViewController.m in Sources */,
				D819F64D16ADC2DA00B19B50 /* SOAPEnvelope.m in Sources */,
				D819F65016ADC64300B19B50 /* SonosConnection.m in Sources */,
				D819F65416AE047500B19B50 /* SonosPositionInfoResponse.m in Sources */,
				D819F65B16AE165800B19B50 /* SonosErrorResponse.m in Sources */,
				D8021A4D16B5DB39002BEAF7 /* SonosMockResponses.m in Sources */,
				D8D87D1516D3F0CA0059DBED /* PLVolumeSlider.m in Sources */,
				D82B793516D7538000B5FF35 /* SonosVolumeResponse.m in Sources */,
				D158131516E883E40009E11B /* RdioArtist.m in Sources */,
				D158131816E883F20009E11B /* RdioAlbum.m in Sources */,
				D158131B16E884020009E11B /* RdioSong.m in Sources */,
				D158132116E885E50009E11B /* RdioCollectionViewController.m in Sources */,
				D8B613DB1718077400F12446 /* NBDirectionGestureRecognizer.m in Sources */,
				D8B613E4171B5B7300F12446 /* PLInputCell.m in Sources */,
				D8C3471E173B7B9100D7B28C /* SonosTransportInfoResponse.m in Sources */,
			);
			runOnlyForDeploymentPostprocessing = 0;
		};
/* End PBXSourcesBuildPhase section */

/* Begin PBXVariantGroup section */
		D88EA7F716917C460011F6FB /* InfoPlist.strings */ = {
			isa = PBXVariantGroup;
			children = (
				D88EA7F816917C460011F6FB /* en */,
			);
			name = InfoPlist.strings;
			sourceTree = "<group>";
		};
/* End PBXVariantGroup section */

/* Begin XCBuildConfiguration section */
		D88EA80C16917C460011F6FB /* Debug */ = {
			isa = XCBuildConfiguration;
			baseConfigurationReference = D81DE37A16ED687400F21111 /* Play-Debug.xcconfig */;
			buildSettings = {
				ALWAYS_SEARCH_USER_PATHS = NO;
				CLANG_CXX_LANGUAGE_STANDARD = "gnu++0x";
				CLANG_CXX_LIBRARY = "libc++";
				CLANG_ENABLE_OBJC_ARC = YES;
				CLANG_WARN_EMPTY_BODY = YES;
				CLANG_WARN__DUPLICATE_METHOD_MATCH = YES;
				"CODE_SIGN_IDENTITY[sdk=iphoneos*]" = "iPhone Developer";
				COPY_PHASE_STRIP = NO;
				GCC_C_LANGUAGE_STANDARD = gnu99;
				GCC_DYNAMIC_NO_PIC = NO;
				GCC_OPTIMIZATION_LEVEL = 0;
				GCC_PREPROCESSOR_DEFINITIONS = (
					"DEBUG=1",
					"$(inherited)",
				);
				GCC_SYMBOLS_PRIVATE_EXTERN = NO;
				GCC_WARN_ABOUT_RETURN_TYPE = YES;
				GCC_WARN_UNINITIALIZED_AUTOS = YES;
				GCC_WARN_UNUSED_VARIABLE = YES;
				IPHONEOS_DEPLOYMENT_TARGET = 6.0;
				ONLY_ACTIVE_ARCH = YES;
				SDKROOT = iphoneos;
			};
			name = Debug;
		};
		D88EA80D16917C460011F6FB /* Release */ = {
			isa = XCBuildConfiguration;
			baseConfigurationReference = D81DE37A16ED687400F21111 /* Play-Debug.xcconfig */;
			buildSettings = {
				ALWAYS_SEARCH_USER_PATHS = NO;
				CLANG_CXX_LANGUAGE_STANDARD = "gnu++0x";
				CLANG_CXX_LIBRARY = "libc++";
				CLANG_ENABLE_OBJC_ARC = YES;
				CLANG_WARN_EMPTY_BODY = YES;
				CLANG_WARN__DUPLICATE_METHOD_MATCH = YES;
				"CODE_SIGN_IDENTITY[sdk=iphoneos*]" = "iPhone Developer";
				COPY_PHASE_STRIP = YES;
				GCC_C_LANGUAGE_STANDARD = gnu99;
				GCC_WARN_ABOUT_RETURN_TYPE = YES;
				GCC_WARN_UNINITIALIZED_AUTOS = YES;
				GCC_WARN_UNUSED_VARIABLE = YES;
				IPHONEOS_DEPLOYMENT_TARGET = 6.0;
				OTHER_CFLAGS = "-DNS_BLOCK_ASSERTIONS=1";
				SDKROOT = iphoneos;
				VALIDATE_PRODUCT = YES;
			};
			name = Release;
		};
		D88EA80F16917C460011F6FB /* Debug */ = {
			isa = XCBuildConfiguration;
			baseConfigurationReference = D81DE37A16ED687400F21111 /* Play-Debug.xcconfig */;
			buildSettings = {
				ASSETCATALOG_COMPILER_APPICON_NAME = AppIcon;
				ASSETCATALOG_COMPILER_LAUNCHIMAGE_NAME = LaunchImage;
				CLANG_ENABLE_MODULES = YES;
				FRAMEWORK_SEARCH_PATHS = (
					"$(inherited)",
					"\"$(SRCROOT)/Play\"",
				);
				GCC_PRECOMPILE_PREFIX_HEADER = YES;
				GCC_PREFIX_HEADER = "Play/Play-Prefix.pch";
				INFOPLIST_FILE = "Play/Play-Info.plist";
				IPHONEOS_DEPLOYMENT_TARGET = 7.0;
				OTHER_LDFLAGS = "-all_load";
				PRODUCT_NAME = Play;
				WRAPPER_EXTENSION = app;
			};
			name = Debug;
		};
		D88EA81016917C460011F6FB /* Release */ = {
			isa = XCBuildConfiguration;
			baseConfigurationReference = D81DE37A16ED687400F21111 /* Play-Debug.xcconfig */;
			buildSettings = {
				ASSETCATALOG_COMPILER_APPICON_NAME = AppIcon;
				ASSETCATALOG_COMPILER_LAUNCHIMAGE_NAME = LaunchImage;
				CLANG_ENABLE_MODULES = YES;
				FRAMEWORK_SEARCH_PATHS = (
					"$(inherited)",
					"\"$(SRCROOT)/Play\"",
				);
				GCC_PRECOMPILE_PREFIX_HEADER = YES;
				GCC_PREFIX_HEADER = "Play/Play-Prefix.pch";
				INFOPLIST_FILE = "Play/Play-Info.plist";
				IPHONEOS_DEPLOYMENT_TARGET = 7.0;
				OTHER_LDFLAGS = "-all_load";
				PRODUCT_NAME = Play;
				WRAPPER_EXTENSION = app;
			};
			name = Release;
		};
/* End XCBuildConfiguration section */

/* Begin XCConfigurationList section */
		D88EA7E416917C460011F6FB /* Build configuration list for PBXProject "Play" */ = {
			isa = XCConfigurationList;
			buildConfigurations = (
				D88EA80C16917C460011F6FB /* Debug */,
				D88EA80D16917C460011F6FB /* Release */,
			);
			defaultConfigurationIsVisible = 0;
			defaultConfigurationName = Release;
		};
		D88EA80E16917C460011F6FB /* Build configuration list for PBXNativeTarget "Play" */ = {
			isa = XCConfigurationList;
			buildConfigurations = (
				D88EA80F16917C460011F6FB /* Debug */,
				D88EA81016917C460011F6FB /* Release */,
			);
			defaultConfigurationIsVisible = 0;
			defaultConfigurationName = Release;
		};
/* End XCConfigurationList section */
	};
	rootObject = D88EA7E116917C460011F6FB /* Project object */;
}
