// !$*UTF8*$!
{
	archiveVersion = 1;
	classes = {
	};
	objectVersion = 46;
	objects = {

/* Begin PBXBuildFile section */
		D824F342198430B8004DBE1B /* AddSpeakerViewController.swift in Sources */ = {isa = PBXBuildFile; fileRef = D824F341198430B8004DBE1B /* AddSpeakerViewController.swift */; };
		D83666CD19986A02009409D0 /* XMLReader.m in Sources */ = {isa = PBXBuildFile; fileRef = D83666CC19986A02009409D0 /* XMLReader.m */; };
		D83666D31998A9AF009409D0 /* UIFont.swift in Sources */ = {isa = PBXBuildFile; fileRef = D83666D21998A9AF009409D0 /* UIFont.swift */; };
		D83666D51998A9BD009409D0 /* TextField.swift in Sources */ = {isa = PBXBuildFile; fileRef = D83666D41998A9BD009409D0 /* TextField.swift */; };
		D85569D3194D500900B3CD57 /* SonosController.swift in Sources */ = {isa = PBXBuildFile; fileRef = D85569D2194D500900B3CD57 /* SonosController.swift */; };
		D85569D5194D501400B3CD57 /* SonosControllerStore.swift in Sources */ = {isa = PBXBuildFile; fileRef = D85569D4194D501400B3CD57 /* SonosControllerStore.swift */; };
		D8599158193D921C008BE0EA /* AppDelegate.swift in Sources */ = {isa = PBXBuildFile; fileRef = D8599157193D921C008BE0EA /* AppDelegate.swift */; };
		D859915A193D921C008BE0EA /* Images.xcassets in Resources */ = {isa = PBXBuildFile; fileRef = D8599159193D921C008BE0EA /* Images.xcassets */; };
		D8599166193D921C008BE0EA /* PlayTests.swift in Sources */ = {isa = PBXBuildFile; fileRef = D8599165193D921C008BE0EA /* PlayTests.swift */; };
		D8599170193D927F008BE0EA /* PlayingViewController.swift in Sources */ = {isa = PBXBuildFile; fileRef = D859916F193D927F008BE0EA /* PlayingViewController.swift */; };
		D8599172193D9290008BE0EA /* SpeakersViewController.swift in Sources */ = {isa = PBXBuildFile; fileRef = D8599171193D9290008BE0EA /* SpeakersViewController.swift */; };
		D8599174193D929F008BE0EA /* SettingsViewController.swift in Sources */ = {isa = PBXBuildFile; fileRef = D8599173193D929F008BE0EA /* SettingsViewController.swift */; };
		D861E4CE194CDBBA00CAE939 /* VolumeCell.swift in Sources */ = {isa = PBXBuildFile; fileRef = D861E4CD194CDBBA00CAE939 /* VolumeCell.swift */; };
		D861E4D0194CDBCD00CAE939 /* SpeakerCell.swift in Sources */ = {isa = PBXBuildFile; fileRef = D861E4CF194CDBCD00CAE939 /* SpeakerCell.swift */; };
		D861E4D3194CE04700CAE939 /* NBDial.swift in Sources */ = {isa = PBXBuildFile; fileRef = D861E4D2194CE04700CAE939 /* NBDial.swift */; };
		D861E4D6194CE26100CAE939 /* UIColor.swift in Sources */ = {isa = PBXBuildFile; fileRef = D861E4D5194CE26100CAE939 /* UIColor.swift */; };
		D864508F19B4F3C800CBA71A /* Requests.swift in Sources */ = {isa = PBXBuildFile; fileRef = D864508E19B4F3C800CBA71A /* Requests.swift */; };
		D864509119B4F40A00CBA71A /* XML.swift in Sources */ = {isa = PBXBuildFile; fileRef = D864509019B4F40A00CBA71A /* XML.swift */; };
		D8853334194CFAA900BB19EC /* VolumeHeader.swift in Sources */ = {isa = PBXBuildFile; fileRef = D8853333194CFAA900BB19EC /* VolumeHeader.swift */; };
		D8CCC17519B5381000799002 /* libz.dylib in Frameworks */ = {isa = PBXBuildFile; fileRef = D8CCC17419B5381000799002 /* libz.dylib */; };
		D8CCC19619B545D000799002 /* GCDWebServer.m in Sources */ = {isa = PBXBuildFile; fileRef = D8CCC17919B545D000799002 /* GCDWebServer.m */; };
		D8CCC19719B545D000799002 /* GCDWebServerConnection.m in Sources */ = {isa = PBXBuildFile; fileRef = D8CCC17B19B545D000799002 /* GCDWebServerConnection.m */; };
		D8CCC19819B545D000799002 /* GCDWebServerFunctions.m in Sources */ = {isa = PBXBuildFile; fileRef = D8CCC17D19B545D000799002 /* GCDWebServerFunctions.m */; };
		D8CCC19919B545D000799002 /* GCDWebServerRequest.m in Sources */ = {isa = PBXBuildFile; fileRef = D8CCC18119B545D000799002 /* GCDWebServerRequest.m */; };
		D8CCC19A19B545D000799002 /* GCDWebServerResponse.m in Sources */ = {isa = PBXBuildFile; fileRef = D8CCC18319B545D000799002 /* GCDWebServerResponse.m */; };
		D8CCC19B19B545D000799002 /* GCDWebServerDataRequest.m in Sources */ = {isa = PBXBuildFile; fileRef = D8CCC18619B545D000799002 /* GCDWebServerDataRequest.m */; };
		D8CCC19C19B545D000799002 /* GCDWebServerFileRequest.m in Sources */ = {isa = PBXBuildFile; fileRef = D8CCC18819B545D000799002 /* GCDWebServerFileRequest.m */; };
		D8CCC19D19B545D000799002 /* GCDWebServerMultiPartFormRequest.m in Sources */ = {isa = PBXBuildFile; fileRef = D8CCC18A19B545D000799002 /* GCDWebServerMultiPartFormRequest.m */; };
		D8CCC19E19B545D000799002 /* GCDWebServerURLEncodedFormRequest.m in Sources */ = {isa = PBXBuildFile; fileRef = D8CCC18C19B545D000799002 /* GCDWebServerURLEncodedFormRequest.m */; };
		D8CCC19F19B545D000799002 /* GCDWebServerDataResponse.m in Sources */ = {isa = PBXBuildFile; fileRef = D8CCC18F19B545D000799002 /* GCDWebServerDataResponse.m */; };
		D8CCC1A019B545D000799002 /* GCDWebServerErrorResponse.m in Sources */ = {isa = PBXBuildFile; fileRef = D8CCC19119B545D000799002 /* GCDWebServerErrorResponse.m */; };
		D8CCC1A119B545D000799002 /* GCDWebServerFileResponse.m in Sources */ = {isa = PBXBuildFile; fileRef = D8CCC19319B545D000799002 /* GCDWebServerFileResponse.m */; };
		D8CCC1A219B545D000799002 /* GCDWebServerStreamedResponse.m in Sources */ = {isa = PBXBuildFile; fileRef = D8CCC19519B545D000799002 /* GCDWebServerStreamedResponse.m */; };
/* End PBXBuildFile section */

/* Begin PBXContainerItemProxy section */
		D8599160193D921C008BE0EA /* PBXContainerItemProxy */ = {
			isa = PBXContainerItemProxy;
			containerPortal = D859914A193D921C008BE0EA /* Project object */;
			proxyType = 1;
			remoteGlobalIDString = D8599151193D921C008BE0EA;
			remoteInfo = Play;
		};
/* End PBXContainerItemProxy section */

/* Begin PBXFileReference section */
		D824F341198430B8004DBE1B /* AddSpeakerViewController.swift */ = {isa = PBXFileReference; fileEncoding = 4; lastKnownFileType = sourcecode.swift; path = AddSpeakerViewController.swift; sourceTree = "<group>"; };
		D83666CA199869EB009409D0 /* XMLReader.h */ = {isa = PBXFileReference; lastKnownFileType = sourcecode.c.h; name = XMLReader.h; path = Vendor/XMLReader.h; sourceTree = "<group>"; };
		D83666CC19986A02009409D0 /* XMLReader.m */ = {isa = PBXFileReference; fileEncoding = 4; lastKnownFileType = sourcecode.c.objc; name = XMLReader.m; path = Vendor/XMLReader.m; sourceTree = "<group>"; };
		D83666D11998A948009409D0 /* Play-Bridging-Header.h */ = {isa = PBXFileReference; fileEncoding = 4; lastKnownFileType = sourcecode.c.h; path = "Play-Bridging-Header.h"; sourceTree = SOURCE_ROOT; };
		D83666D21998A9AF009409D0 /* UIFont.swift */ = {isa = PBXFileReference; fileEncoding = 4; lastKnownFileType = sourcecode.swift; name = UIFont.swift; path = Extensions/UIFont.swift; sourceTree = "<group>"; };
		D83666D41998A9BD009409D0 /* TextField.swift */ = {isa = PBXFileReference; fileEncoding = 4; lastKnownFileType = sourcecode.swift; name = TextField.swift; path = "UI Elements/TextField.swift"; sourceTree = "<group>"; };
		D85569D2194D500900B3CD57 /* SonosController.swift */ = {isa = PBXFileReference; fileEncoding = 4; lastKnownFileType = sourcecode.swift; name = SonosController.swift; path = SonosKit/SonosController.swift; sourceTree = "<group>"; };
		D85569D4194D501400B3CD57 /* SonosControllerStore.swift */ = {isa = PBXFileReference; fileEncoding = 4; lastKnownFileType = sourcecode.swift; name = SonosControllerStore.swift; path = SonosKit/SonosControllerStore.swift; sourceTree = "<group>"; };
		D8599152193D921C008BE0EA /* Play.app */ = {isa = PBXFileReference; explicitFileType = wrapper.application; includeInIndex = 0; path = Play.app; sourceTree = BUILT_PRODUCTS_DIR; };
		D8599156193D921C008BE0EA /* Info.plist */ = {isa = PBXFileReference; lastKnownFileType = text.plist.xml; path = Info.plist; sourceTree = "<group>"; };
		D8599157193D921C008BE0EA /* AppDelegate.swift */ = {isa = PBXFileReference; lastKnownFileType = sourcecode.swift; path = AppDelegate.swift; sourceTree = "<group>"; };
		D8599159193D921C008BE0EA /* Images.xcassets */ = {isa = PBXFileReference; lastKnownFileType = folder.assetcatalog; path = Images.xcassets; sourceTree = "<group>"; };
		D859915F193D921C008BE0EA /* PlayTests.xctest */ = {isa = PBXFileReference; explicitFileType = wrapper.cfbundle; includeInIndex = 0; path = PlayTests.xctest; sourceTree = BUILT_PRODUCTS_DIR; };
		D8599164193D921C008BE0EA /* Info.plist */ = {isa = PBXFileReference; lastKnownFileType = text.plist.xml; path = Info.plist; sourceTree = "<group>"; };
		D8599165193D921C008BE0EA /* PlayTests.swift */ = {isa = PBXFileReference; lastKnownFileType = sourcecode.swift; path = PlayTests.swift; sourceTree = "<group>"; };
		D859916F193D927F008BE0EA /* PlayingViewController.swift */ = {isa = PBXFileReference; fileEncoding = 4; lastKnownFileType = sourcecode.swift; path = PlayingViewController.swift; sourceTree = "<group>"; };
		D8599171193D9290008BE0EA /* SpeakersViewController.swift */ = {isa = PBXFileReference; fileEncoding = 4; lastKnownFileType = sourcecode.swift; path = SpeakersViewController.swift; sourceTree = "<group>"; };
		D8599173193D929F008BE0EA /* SettingsViewController.swift */ = {isa = PBXFileReference; fileEncoding = 4; lastKnownFileType = sourcecode.swift; path = SettingsViewController.swift; sourceTree = "<group>"; };
		D861E4CD194CDBBA00CAE939 /* VolumeCell.swift */ = {isa = PBXFileReference; fileEncoding = 4; lastKnownFileType = sourcecode.swift; name = VolumeCell.swift; path = "UI Elements/VolumeCell.swift"; sourceTree = "<group>"; };
		D861E4CF194CDBCD00CAE939 /* SpeakerCell.swift */ = {isa = PBXFileReference; fileEncoding = 4; lastKnownFileType = sourcecode.swift; name = SpeakerCell.swift; path = "UI Elements/SpeakerCell.swift"; sourceTree = "<group>"; };
		D861E4D2194CE04700CAE939 /* NBDial.swift */ = {isa = PBXFileReference; fileEncoding = 4; lastKnownFileType = sourcecode.swift; name = NBDial.swift; path = Custom/NBDial.swift; sourceTree = "<group>"; };
		D861E4D5194CE26100CAE939 /* UIColor.swift */ = {isa = PBXFileReference; fileEncoding = 4; lastKnownFileType = sourcecode.swift; name = UIColor.swift; path = Extensions/UIColor.swift; sourceTree = "<group>"; };
		D864508E19B4F3C800CBA71A /* Requests.swift */ = {isa = PBXFileReference; fileEncoding = 4; lastKnownFileType = sourcecode.swift; name = Requests.swift; path = Utilities/Requests.swift; sourceTree = "<group>"; };
		D864509019B4F40A00CBA71A /* XML.swift */ = {isa = PBXFileReference; fileEncoding = 4; lastKnownFileType = sourcecode.swift; name = XML.swift; path = Utilities/XML.swift; sourceTree = "<group>"; };
		D8853333194CFAA900BB19EC /* VolumeHeader.swift */ = {isa = PBXFileReference; fileEncoding = 4; lastKnownFileType = sourcecode.swift; name = VolumeHeader.swift; path = "UI Elements/VolumeHeader.swift"; sourceTree = "<group>"; };
		D8CCC17419B5381000799002 /* libz.dylib */ = {isa = PBXFileReference; lastKnownFileType = "compiled.mach-o.dylib"; name = libz.dylib; path = usr/lib/libz.dylib; sourceTree = SDKROOT; };
		D8CCC17819B545D000799002 /* GCDWebServer.h */ = {isa = PBXFileReference; fileEncoding = 4; lastKnownFileType = sourcecode.c.h; path = GCDWebServer.h; sourceTree = "<group>"; };
		D8CCC17919B545D000799002 /* GCDWebServer.m */ = {isa = PBXFileReference; fileEncoding = 4; lastKnownFileType = sourcecode.c.objc; path = GCDWebServer.m; sourceTree = "<group>"; };
		D8CCC17A19B545D000799002 /* GCDWebServerConnection.h */ = {isa = PBXFileReference; fileEncoding = 4; lastKnownFileType = sourcecode.c.h; path = GCDWebServerConnection.h; sourceTree = "<group>"; };
		D8CCC17B19B545D000799002 /* GCDWebServerConnection.m */ = {isa = PBXFileReference; fileEncoding = 4; lastKnownFileType = sourcecode.c.objc; path = GCDWebServerConnection.m; sourceTree = "<group>"; };
		D8CCC17C19B545D000799002 /* GCDWebServerFunctions.h */ = {isa = PBXFileReference; fileEncoding = 4; lastKnownFileType = sourcecode.c.h; path = GCDWebServerFunctions.h; sourceTree = "<group>"; };
		D8CCC17D19B545D000799002 /* GCDWebServerFunctions.m */ = {isa = PBXFileReference; fileEncoding = 4; lastKnownFileType = sourcecode.c.objc; path = GCDWebServerFunctions.m; sourceTree = "<group>"; };
		D8CCC17E19B545D000799002 /* GCDWebServerHTTPStatusCodes.h */ = {isa = PBXFileReference; fileEncoding = 4; lastKnownFileType = sourcecode.c.h; path = GCDWebServerHTTPStatusCodes.h; sourceTree = "<group>"; };
		D8CCC17F19B545D000799002 /* GCDWebServerPrivate.h */ = {isa = PBXFileReference; fileEncoding = 4; lastKnownFileType = sourcecode.c.h; path = GCDWebServerPrivate.h; sourceTree = "<group>"; };
		D8CCC18019B545D000799002 /* GCDWebServerRequest.h */ = {isa = PBXFileReference; fileEncoding = 4; lastKnownFileType = sourcecode.c.h; path = GCDWebServerRequest.h; sourceTree = "<group>"; };
		D8CCC18119B545D000799002 /* GCDWebServerRequest.m */ = {isa = PBXFileReference; fileEncoding = 4; lastKnownFileType = sourcecode.c.objc; path = GCDWebServerRequest.m; sourceTree = "<group>"; };
		D8CCC18219B545D000799002 /* GCDWebServerResponse.h */ = {isa = PBXFileReference; fileEncoding = 4; lastKnownFileType = sourcecode.c.h; path = GCDWebServerResponse.h; sourceTree = "<group>"; };
		D8CCC18319B545D000799002 /* GCDWebServerResponse.m */ = {isa = PBXFileReference; fileEncoding = 4; lastKnownFileType = sourcecode.c.objc; path = GCDWebServerResponse.m; sourceTree = "<group>"; };
		D8CCC18519B545D000799002 /* GCDWebServerDataRequest.h */ = {isa = PBXFileReference; fileEncoding = 4; lastKnownFileType = sourcecode.c.h; path = GCDWebServerDataRequest.h; sourceTree = "<group>"; };
		D8CCC18619B545D000799002 /* GCDWebServerDataRequest.m */ = {isa = PBXFileReference; fileEncoding = 4; lastKnownFileType = sourcecode.c.objc; path = GCDWebServerDataRequest.m; sourceTree = "<group>"; };
		D8CCC18719B545D000799002 /* GCDWebServerFileRequest.h */ = {isa = PBXFileReference; fileEncoding = 4; lastKnownFileType = sourcecode.c.h; path = GCDWebServerFileRequest.h; sourceTree = "<group>"; };
		D8CCC18819B545D000799002 /* GCDWebServerFileRequest.m */ = {isa = PBXFileReference; fileEncoding = 4; lastKnownFileType = sourcecode.c.objc; path = GCDWebServerFileRequest.m; sourceTree = "<group>"; };
		D8CCC18919B545D000799002 /* GCDWebServerMultiPartFormRequest.h */ = {isa = PBXFileReference; fileEncoding = 4; lastKnownFileType = sourcecode.c.h; path = GCDWebServerMultiPartFormRequest.h; sourceTree = "<group>"; };
		D8CCC18A19B545D000799002 /* GCDWebServerMultiPartFormRequest.m */ = {isa = PBXFileReference; fileEncoding = 4; lastKnownFileType = sourcecode.c.objc; path = GCDWebServerMultiPartFormRequest.m; sourceTree = "<group>"; };
		D8CCC18B19B545D000799002 /* GCDWebServerURLEncodedFormRequest.h */ = {isa = PBXFileReference; fileEncoding = 4; lastKnownFileType = sourcecode.c.h; path = GCDWebServerURLEncodedFormRequest.h; sourceTree = "<group>"; };
		D8CCC18C19B545D000799002 /* GCDWebServerURLEncodedFormRequest.m */ = {isa = PBXFileReference; fileEncoding = 4; lastKnownFileType = sourcecode.c.objc; path = GCDWebServerURLEncodedFormRequest.m; sourceTree = "<group>"; };
		D8CCC18E19B545D000799002 /* GCDWebServerDataResponse.h */ = {isa = PBXFileReference; fileEncoding = 4; lastKnownFileType = sourcecode.c.h; path = GCDWebServerDataResponse.h; sourceTree = "<group>"; };
		D8CCC18F19B545D000799002 /* GCDWebServerDataResponse.m */ = {isa = PBXFileReference; fileEncoding = 4; lastKnownFileType = sourcecode.c.objc; path = GCDWebServerDataResponse.m; sourceTree = "<group>"; };
		D8CCC19019B545D000799002 /* GCDWebServerErrorResponse.h */ = {isa = PBXFileReference; fileEncoding = 4; lastKnownFileType = sourcecode.c.h; path = GCDWebServerErrorResponse.h; sourceTree = "<group>"; };
		D8CCC19119B545D000799002 /* GCDWebServerErrorResponse.m */ = {isa = PBXFileReference; fileEncoding = 4; lastKnownFileType = sourcecode.c.objc; path = GCDWebServerErrorResponse.m; sourceTree = "<group>"; };
		D8CCC19219B545D000799002 /* GCDWebServerFileResponse.h */ = {isa = PBXFileReference; fileEncoding = 4; lastKnownFileType = sourcecode.c.h; path = GCDWebServerFileResponse.h; sourceTree = "<group>"; };
		D8CCC19319B545D000799002 /* GCDWebServerFileResponse.m */ = {isa = PBXFileReference; fileEncoding = 4; lastKnownFileType = sourcecode.c.objc; path = GCDWebServerFileResponse.m; sourceTree = "<group>"; };
		D8CCC19419B545D000799002 /* GCDWebServerStreamedResponse.h */ = {isa = PBXFileReference; fileEncoding = 4; lastKnownFileType = sourcecode.c.h; path = GCDWebServerStreamedResponse.h; sourceTree = "<group>"; };
		D8CCC19519B545D000799002 /* GCDWebServerStreamedResponse.m */ = {isa = PBXFileReference; fileEncoding = 4; lastKnownFileType = sourcecode.c.objc; path = GCDWebServerStreamedResponse.m; sourceTree = "<group>"; };
/* End PBXFileReference section */

/* Begin PBXFrameworksBuildPhase section */
		D859914F193D921C008BE0EA /* Frameworks */ = {
			isa = PBXFrameworksBuildPhase;
			buildActionMask = 2147483647;
			files = (
				D8CCC17519B5381000799002 /* libz.dylib in Frameworks */,
			);
			runOnlyForDeploymentPostprocessing = 0;
		};
		D859915C193D921C008BE0EA /* Frameworks */ = {
			isa = PBXFrameworksBuildPhase;
			buildActionMask = 2147483647;
			files = (
			);
			runOnlyForDeploymentPostprocessing = 0;
		};
/* End PBXFrameworksBuildPhase section */

/* Begin PBXGroup section */
		D83666C9199869C1009409D0 /* Vendor */ = {
			isa = PBXGroup;
			children = (
				D8CCC17619B545D000799002 /* GCDWebServer */,
				D83666CA199869EB009409D0 /* XMLReader.h */,
				D83666CC19986A02009409D0 /* XMLReader.m */,
			);
			name = Vendor;
			sourceTree = "<group>";
		};
		D85569D1194D4FE900B3CD57 /* SonosKit */ = {
			isa = PBXGroup;
			children = (
				D85569D2194D500900B3CD57 /* SonosController.swift */,
				D85569D4194D501400B3CD57 /* SonosControllerStore.swift */,
			);
			name = SonosKit;
			sourceTree = "<group>";
		};
		D8599149193D921C008BE0EA = {
			isa = PBXGroup;
			children = (
				D8599154193D921C008BE0EA /* Play */,
				D8599162193D921C008BE0EA /* PlayTests */,
				D87079181960B81400BD2E63 /* Frameworks */,
				D8599153193D921C008BE0EA /* Products */,
				D83666C9199869C1009409D0 /* Vendor */,
			);
			sourceTree = "<group>";
		};
		D8599153193D921C008BE0EA /* Products */ = {
			isa = PBXGroup;
			children = (
				D8599152193D921C008BE0EA /* Play.app */,
				D859915F193D921C008BE0EA /* PlayTests.xctest */,
			);
			name = Products;
			sourceTree = "<group>";
		};
		D8599154193D921C008BE0EA /* Play */ = {
			isa = PBXGroup;
			children = (
				D864508D19B4F3AB00CBA71A /* Utilities */,
				D85569D1194D4FE900B3CD57 /* SonosKit */,
				D861E4D4194CE1DE00CAE939 /* Extensions */,
				D861E4D1194CE01D00CAE939 /* Custom */,
				D8599175193D9572008BE0EA /* UI Elements */,
				D8599157193D921C008BE0EA /* AppDelegate.swift */,
				D859916F193D927F008BE0EA /* PlayingViewController.swift */,
				D8599171193D9290008BE0EA /* SpeakersViewController.swift */,
				D8599173193D929F008BE0EA /* SettingsViewController.swift */,
				D824F341198430B8004DBE1B /* AddSpeakerViewController.swift */,
				D8599159193D921C008BE0EA /* Images.xcassets */,
				D8599155193D921C008BE0EA /* Supporting Files */,
			);
			path = Play;
			sourceTree = "<group>";
		};
		D8599155193D921C008BE0EA /* Supporting Files */ = {
			isa = PBXGroup;
			children = (
				D83666D11998A948009409D0 /* Play-Bridging-Header.h */,
				D8599156193D921C008BE0EA /* Info.plist */,
			);
			name = "Supporting Files";
			sourceTree = "<group>";
		};
		D8599162193D921C008BE0EA /* PlayTests */ = {
			isa = PBXGroup;
			children = (
				D8599165193D921C008BE0EA /* PlayTests.swift */,
				D8599163193D921C008BE0EA /* Supporting Files */,
			);
			path = PlayTests;
			sourceTree = "<group>";
		};
		D8599163193D921C008BE0EA /* Supporting Files */ = {
			isa = PBXGroup;
			children = (
				D8599164193D921C008BE0EA /* Info.plist */,
			);
			name = "Supporting Files";
			sourceTree = "<group>";
		};
		D8599175193D9572008BE0EA /* UI Elements */ = {
			isa = PBXGroup;
			children = (
				D83666D41998A9BD009409D0 /* TextField.swift */,
				D861E4CD194CDBBA00CAE939 /* VolumeCell.swift */,
				D861E4CF194CDBCD00CAE939 /* SpeakerCell.swift */,
				D8853333194CFAA900BB19EC /* VolumeHeader.swift */,
			);
			name = "UI Elements";
			sourceTree = "<group>";
		};
		D861E4D1194CE01D00CAE939 /* Custom */ = {
			isa = PBXGroup;
			children = (
				D861E4D2194CE04700CAE939 /* NBDial.swift */,
			);
			name = Custom;
			sourceTree = "<group>";
		};
		D861E4D4194CE1DE00CAE939 /* Extensions */ = {
			isa = PBXGroup;
			children = (
				D83666D21998A9AF009409D0 /* UIFont.swift */,
				D861E4D5194CE26100CAE939 /* UIColor.swift */,
			);
			name = Extensions;
			sourceTree = "<group>";
		};
		D864508D19B4F3AB00CBA71A /* Utilities */ = {
			isa = PBXGroup;
			children = (
				D864508E19B4F3C800CBA71A /* Requests.swift */,
				D864509019B4F40A00CBA71A /* XML.swift */,
			);
			name = Utilities;
			sourceTree = "<group>";
		};
		D87079181960B81400BD2E63 /* Frameworks */ = {
			isa = PBXGroup;
			children = (
				D8CCC17419B5381000799002 /* libz.dylib */,
			);
			name = Frameworks;
			sourceTree = "<group>";
		};
		D8CCC17619B545D000799002 /* GCDWebServer */ = {
			isa = PBXGroup;
			children = (
				D8CCC17719B545D000799002 /* Core */,
				D8CCC18419B545D000799002 /* Requests */,
				D8CCC18D19B545D000799002 /* Responses */,
			);
			name = GCDWebServer;
			path = Vendor/GCDWebServer/GCDWebServer;
			sourceTree = "<group>";
		};
		D8CCC17719B545D000799002 /* Core */ = {
			isa = PBXGroup;
			children = (
				D8CCC17819B545D000799002 /* GCDWebServer.h */,
				D8CCC17919B545D000799002 /* GCDWebServer.m */,
				D8CCC17A19B545D000799002 /* GCDWebServerConnection.h */,
				D8CCC17B19B545D000799002 /* GCDWebServerConnection.m */,
				D8CCC17C19B545D000799002 /* GCDWebServerFunctions.h */,
				D8CCC17D19B545D000799002 /* GCDWebServerFunctions.m */,
				D8CCC17E19B545D000799002 /* GCDWebServerHTTPStatusCodes.h */,
				D8CCC17F19B545D000799002 /* GCDWebServerPrivate.h */,
				D8CCC18019B545D000799002 /* GCDWebServerRequest.h */,
				D8CCC18119B545D000799002 /* GCDWebServerRequest.m */,
				D8CCC18219B545D000799002 /* GCDWebServerResponse.h */,
				D8CCC18319B545D000799002 /* GCDWebServerResponse.m */,
			);
			path = Core;
			sourceTree = "<group>";
		};
		D8CCC18419B545D000799002 /* Requests */ = {
			isa = PBXGroup;
			children = (
				D8CCC18519B545D000799002 /* GCDWebServerDataRequest.h */,
				D8CCC18619B545D000799002 /* GCDWebServerDataRequest.m */,
				D8CCC18719B545D000799002 /* GCDWebServerFileRequest.h */,
				D8CCC18819B545D000799002 /* GCDWebServerFileRequest.m */,
				D8CCC18919B545D000799002 /* GCDWebServerMultiPartFormRequest.h */,
				D8CCC18A19B545D000799002 /* GCDWebServerMultiPartFormRequest.m */,
				D8CCC18B19B545D000799002 /* GCDWebServerURLEncodedFormRequest.h */,
				D8CCC18C19B545D000799002 /* GCDWebServerURLEncodedFormRequest.m */,
			);
			path = Requests;
			sourceTree = "<group>";
		};
		D8CCC18D19B545D000799002 /* Responses */ = {
			isa = PBXGroup;
			children = (
				D8CCC18E19B545D000799002 /* GCDWebServerDataResponse.h */,
				D8CCC18F19B545D000799002 /* GCDWebServerDataResponse.m */,
				D8CCC19019B545D000799002 /* GCDWebServerErrorResponse.h */,
				D8CCC19119B545D000799002 /* GCDWebServerErrorResponse.m */,
				D8CCC19219B545D000799002 /* GCDWebServerFileResponse.h */,
				D8CCC19319B545D000799002 /* GCDWebServerFileResponse.m */,
				D8CCC19419B545D000799002 /* GCDWebServerStreamedResponse.h */,
				D8CCC19519B545D000799002 /* GCDWebServerStreamedResponse.m */,
			);
			path = Responses;
			sourceTree = "<group>";
		};
/* End PBXGroup section */

/* Begin PBXNativeTarget section */
		D8599151193D921C008BE0EA /* Play */ = {
			isa = PBXNativeTarget;
			buildConfigurationList = D8599169193D921C008BE0EA /* Build configuration list for PBXNativeTarget "Play" */;
			buildPhases = (
				D859914E193D921C008BE0EA /* Sources */,
				D859914F193D921C008BE0EA /* Frameworks */,
				D8599150193D921C008BE0EA /* Resources */,
			);
			buildRules = (
			);
			dependencies = (
			);
			name = Play;
			productName = Play;
			productReference = D8599152193D921C008BE0EA /* Play.app */;
			productType = "com.apple.product-type.application";
		};
		D859915E193D921C008BE0EA /* PlayTests */ = {
			isa = PBXNativeTarget;
			buildConfigurationList = D859916C193D921C008BE0EA /* Build configuration list for PBXNativeTarget "PlayTests" */;
			buildPhases = (
				D859915B193D921C008BE0EA /* Sources */,
				D859915C193D921C008BE0EA /* Frameworks */,
				D859915D193D921C008BE0EA /* Resources */,
			);
			buildRules = (
			);
			dependencies = (
				D8599161193D921C008BE0EA /* PBXTargetDependency */,
			);
			name = PlayTests;
			productName = PlayTests;
			productReference = D859915F193D921C008BE0EA /* PlayTests.xctest */;
			productType = "com.apple.product-type.bundle.unit-test";
		};
/* End PBXNativeTarget section */

/* Begin PBXProject section */
		D859914A193D921C008BE0EA /* Project object */ = {
			isa = PBXProject;
			attributes = {
				LastSwiftMigration = 0720;
				LastUpgradeCheck = 0600;
				ORGANIZATIONNAME = "Nathan Borror";
				TargetAttributes = {
					D8599151193D921C008BE0EA = {
						CreatedOnToolsVersion = 6.0;
					};
					D859915E193D921C008BE0EA = {
						CreatedOnToolsVersion = 6.0;
						TestTargetID = D8599151193D921C008BE0EA;
					};
				};
			};
			buildConfigurationList = D859914D193D921C008BE0EA /* Build configuration list for PBXProject "Play" */;
			compatibilityVersion = "Xcode 3.2";
			developmentRegion = English;
			hasScannedForEncodings = 0;
			knownRegions = (
				en,
			);
			mainGroup = D8599149193D921C008BE0EA;
			productRefGroup = D8599153193D921C008BE0EA /* Products */;
			projectDirPath = "";
			projectRoot = "";
			targets = (
				D8599151193D921C008BE0EA /* Play */,
				D859915E193D921C008BE0EA /* PlayTests */,
			);
		};
/* End PBXProject section */

/* Begin PBXResourcesBuildPhase section */
		D8599150193D921C008BE0EA /* Resources */ = {
			isa = PBXResourcesBuildPhase;
			buildActionMask = 2147483647;
			files = (
				D859915A193D921C008BE0EA /* Images.xcassets in Resources */,
			);
			runOnlyForDeploymentPostprocessing = 0;
		};
		D859915D193D921C008BE0EA /* Resources */ = {
			isa = PBXResourcesBuildPhase;
			buildActionMask = 2147483647;
			files = (
			);
			runOnlyForDeploymentPostprocessing = 0;
		};
/* End PBXResourcesBuildPhase section */

/* Begin PBXSourcesBuildPhase section */
		D859914E193D921C008BE0EA /* Sources */ = {
			isa = PBXSourcesBuildPhase;
			buildActionMask = 2147483647;
			files = (
				D8CCC1A219B545D000799002 /* GCDWebServerStreamedResponse.m in Sources */,
				D8CCC19819B545D000799002 /* GCDWebServerFunctions.m in Sources */,
				D8599172193D9290008BE0EA /* SpeakersViewController.swift in Sources */,
				D8CCC1A119B545D000799002 /* GCDWebServerFileResponse.m in Sources */,
				D83666D31998A9AF009409D0 /* UIFont.swift in Sources */,
				D8CCC19919B545D000799002 /* GCDWebServerRequest.m in Sources */,
				D8599158193D921C008BE0EA /* AppDelegate.swift in Sources */,
				D8599170193D927F008BE0EA /* PlayingViewController.swift in Sources */,
				D8CCC1A019B545D000799002 /* GCDWebServerErrorResponse.m in Sources */,
				D85569D3194D500900B3CD57 /* SonosController.swift in Sources */,
				D8CCC19F19B545D000799002 /* GCDWebServerDataResponse.m in Sources */,
				D8CCC19E19B545D000799002 /* GCDWebServerURLEncodedFormRequest.m in Sources */,
				D83666D51998A9BD009409D0 /* TextField.swift in Sources */,
				D824F342198430B8004DBE1B /* AddSpeakerViewController.swift in Sources */,
				D864509119B4F40A00CBA71A /* XML.swift in Sources */,
				D8CCC19D19B545D000799002 /* GCDWebServerMultiPartFormRequest.m in Sources */,
				D8CCC19719B545D000799002 /* GCDWebServerConnection.m in Sources */,
				D8CCC19A19B545D000799002 /* GCDWebServerResponse.m in Sources */,
				D8CCC19C19B545D000799002 /* GCDWebServerFileRequest.m in Sources */,
				D8CCC19619B545D000799002 /* GCDWebServer.m in Sources */,
				D861E4D3194CE04700CAE939 /* NBDial.swift in Sources */,
				D861E4D0194CDBCD00CAE939 /* SpeakerCell.swift in Sources */,
				D864508F19B4F3C800CBA71A /* Requests.swift in Sources */,
				D861E4D6194CE26100CAE939 /* UIColor.swift in Sources */,
				D8CCC19B19B545D000799002 /* GCDWebServerDataRequest.m in Sources */,
				D861E4CE194CDBBA00CAE939 /* VolumeCell.swift in Sources */,
				D83666CD19986A02009409D0 /* XMLReader.m in Sources */,
				D85569D5194D501400B3CD57 /* SonosControllerStore.swift in Sources */,
				D8599174193D929F008BE0EA /* SettingsViewController.swift in Sources */,
				D8853334194CFAA900BB19EC /* VolumeHeader.swift in Sources */,
			);
			runOnlyForDeploymentPostprocessing = 0;
		};
		D859915B193D921C008BE0EA /* Sources */ = {
			isa = PBXSourcesBuildPhase;
			buildActionMask = 2147483647;
			files = (
				D8599166193D921C008BE0EA /* PlayTests.swift in Sources */,
			);
			runOnlyForDeploymentPostprocessing = 0;
		};
/* End PBXSourcesBuildPhase section */

/* Begin PBXTargetDependency section */
		D8599161193D921C008BE0EA /* PBXTargetDependency */ = {
			isa = PBXTargetDependency;
			target = D8599151193D921C008BE0EA /* Play */;
			targetProxy = D8599160193D921C008BE0EA /* PBXContainerItemProxy */;
		};
/* End PBXTargetDependency section */

/* Begin XCBuildConfiguration section */
		D8599167193D921C008BE0EA /* Debug */ = {
			isa = XCBuildConfiguration;
			buildSettings = {
				ALWAYS_SEARCH_USER_PATHS = NO;
				CLANG_CXX_LANGUAGE_STANDARD = "gnu++0x";
				CLANG_CXX_LIBRARY = "libc++";
				CLANG_ENABLE_MODULES = YES;
				CLANG_ENABLE_OBJC_ARC = YES;
				CLANG_WARN_BOOL_CONVERSION = YES;
				CLANG_WARN_CONSTANT_CONVERSION = YES;
				CLANG_WARN_DIRECT_OBJC_ISA_USAGE = YES_ERROR;
				CLANG_WARN_EMPTY_BODY = YES;
				CLANG_WARN_ENUM_CONVERSION = YES;
				CLANG_WARN_INT_CONVERSION = YES;
				CLANG_WARN_OBJC_ROOT_CLASS = YES_ERROR;
				CLANG_WARN_UNREACHABLE_CODE = YES;
				CLANG_WARN__DUPLICATE_METHOD_MATCH = YES;
				"CODE_SIGN_IDENTITY[sdk=iphoneos*]" = "iPhone Developer";
				COPY_PHASE_STRIP = NO;
				ENABLE_STRICT_OBJC_MSGSEND = YES;
				GCC_C_LANGUAGE_STANDARD = gnu99;
				GCC_DYNAMIC_NO_PIC = NO;
				GCC_OPTIMIZATION_LEVEL = 0;
				GCC_PREPROCESSOR_DEFINITIONS = (
					"DEBUG=1",
					"$(inherited)",
				);
				GCC_SYMBOLS_PRIVATE_EXTERN = NO;
				GCC_WARN_64_TO_32_BIT_CONVERSION = YES;
				GCC_WARN_ABOUT_RETURN_TYPE = YES_ERROR;
				GCC_WARN_UNDECLARED_SELECTOR = YES;
				GCC_WARN_UNINITIALIZED_AUTOS = YES_AGGRESSIVE;
				GCC_WARN_UNUSED_FUNCTION = YES;
				GCC_WARN_UNUSED_VARIABLE = YES;
				IPHONEOS_DEPLOYMENT_TARGET = 8.0;
				METAL_ENABLE_DEBUG_INFO = YES;
				ONLY_ACTIVE_ARCH = YES;
				SDKROOT = iphoneos;
				SWIFT_OPTIMIZATION_LEVEL = "-Onone";
				TARGETED_DEVICE_FAMILY = "1,2";
			};
			name = Debug;
		};
		D8599168193D921C008BE0EA /* Release */ = {
			isa = XCBuildConfiguration;
			buildSettings = {
				ALWAYS_SEARCH_USER_PATHS = NO;
				CLANG_CXX_LANGUAGE_STANDARD = "gnu++0x";
				CLANG_CXX_LIBRARY = "libc++";
				CLANG_ENABLE_MODULES = YES;
				CLANG_ENABLE_OBJC_ARC = YES;
				CLANG_WARN_BOOL_CONVERSION = YES;
				CLANG_WARN_CONSTANT_CONVERSION = YES;
				CLANG_WARN_DIRECT_OBJC_ISA_USAGE = YES_ERROR;
				CLANG_WARN_EMPTY_BODY = YES;
				CLANG_WARN_ENUM_CONVERSION = YES;
				CLANG_WARN_INT_CONVERSION = YES;
				CLANG_WARN_OBJC_ROOT_CLASS = YES_ERROR;
				CLANG_WARN_UNREACHABLE_CODE = YES;
				CLANG_WARN__DUPLICATE_METHOD_MATCH = YES;
				"CODE_SIGN_IDENTITY[sdk=iphoneos*]" = "iPhone Developer";
				COPY_PHASE_STRIP = YES;
				ENABLE_NS_ASSERTIONS = NO;
				ENABLE_STRICT_OBJC_MSGSEND = YES;
				GCC_C_LANGUAGE_STANDARD = gnu99;
				GCC_WARN_64_TO_32_BIT_CONVERSION = YES;
				GCC_WARN_ABOUT_RETURN_TYPE = YES_ERROR;
				GCC_WARN_UNDECLARED_SELECTOR = YES;
				GCC_WARN_UNINITIALIZED_AUTOS = YES_AGGRESSIVE;
				GCC_WARN_UNUSED_FUNCTION = YES;
				GCC_WARN_UNUSED_VARIABLE = YES;
				IPHONEOS_DEPLOYMENT_TARGET = 8.0;
				METAL_ENABLE_DEBUG_INFO = NO;
				SDKROOT = iphoneos;
				TARGETED_DEVICE_FAMILY = "1,2";
				VALIDATE_PRODUCT = YES;
			};
			name = Release;
		};
		D859916A193D921C008BE0EA /* Debug */ = {
			isa = XCBuildConfiguration;
			buildSettings = {
				ASSETCATALOG_COMPILER_APPICON_NAME = AppIcon;
				ASSETCATALOG_COMPILER_LAUNCHIMAGE_NAME = LaunchImage;
				CLANG_ENABLE_MODULES = YES;
				INFOPLIST_FILE = Play/Info.plist;
				LD_RUNPATH_SEARCH_PATHS = "$(inherited) @executable_path/Frameworks";
				PRODUCT_NAME = "$(TARGET_NAME)";
				SWIFT_OBJC_BRIDGING_HEADER = "Play-Bridging-Header.h";
				SWIFT_OPTIMIZATION_LEVEL = "-Onone";
			};
			name = Debug;
		};
		D859916B193D921C008BE0EA /* Release */ = {
			isa = XCBuildConfiguration;
			buildSettings = {
				ASSETCATALOG_COMPILER_APPICON_NAME = AppIcon;
				ASSETCATALOG_COMPILER_LAUNCHIMAGE_NAME = LaunchImage;
				CLANG_ENABLE_MODULES = YES;
				INFOPLIST_FILE = Play/Info.plist;
				LD_RUNPATH_SEARCH_PATHS = "$(inherited) @executable_path/Frameworks";
				PRODUCT_NAME = "$(TARGET_NAME)";
				SWIFT_OBJC_BRIDGING_HEADER = "Play-Bridging-Header.h";
			};
			name = Release;
		};
		D859916D193D921C008BE0EA /* Debug */ = {
			isa = XCBuildConfiguration;
			buildSettings = {
				BUNDLE_LOADER = "$(BUILT_PRODUCTS_DIR)/Play.app/Play";
				FRAMEWORK_SEARCH_PATHS = (
					"$(SDKROOT)/Developer/Library/Frameworks",
					"$(inherited)",
				);
				GCC_PREPROCESSOR_DEFINITIONS = (
					"DEBUG=1",
					"$(inherited)",
				);
				INFOPLIST_FILE = PlayTests/Info.plist;
				LD_RUNPATH_SEARCH_PATHS = "$(inherited) @executable_path/Frameworks @loader_path/Frameworks";
				METAL_ENABLE_DEBUG_INFO = YES;
				PRODUCT_NAME = "$(TARGET_NAME)";
				TEST_HOST = "$(BUNDLE_LOADER)";
			};
			name = Debug;
		};
		D859916E193D921C008BE0EA /* Release */ = {
			isa = XCBuildConfiguration;
			buildSettings = {
				BUNDLE_LOADER = "$(BUILT_PRODUCTS_DIR)/Play.app/Play";
				FRAMEWORK_SEARCH_PATHS = (
					"$(SDKROOT)/Developer/Library/Frameworks",
					"$(inherited)",
				);
				INFOPLIST_FILE = PlayTests/Info.plist;
				LD_RUNPATH_SEARCH_PATHS = "$(inherited) @executable_path/Frameworks @loader_path/Frameworks";
				METAL_ENABLE_DEBUG_INFO = NO;
				PRODUCT_NAME = "$(TARGET_NAME)";
				TEST_HOST = "$(BUNDLE_LOADER)";
			};
			name = Release;
		};
/* End XCBuildConfiguration section */

/* Begin XCConfigurationList section */
		D859914D193D921C008BE0EA /* Build configuration list for PBXProject "Play" */ = {
			isa = XCConfigurationList;
			buildConfigurations = (
				D8599167193D921C008BE0EA /* Debug */,
				D8599168193D921C008BE0EA /* Release */,
			);
			defaultConfigurationIsVisible = 0;
			defaultConfigurationName = Release;
		};
		D8599169193D921C008BE0EA /* Build configuration list for PBXNativeTarget "Play" */ = {
			isa = XCConfigurationList;
			buildConfigurations = (
				D859916A193D921C008BE0EA /* Debug */,
				D859916B193D921C008BE0EA /* Release */,
			);
			defaultConfigurationIsVisible = 0;
			defaultConfigurationName = Release;
		};
		D859916C193D921C008BE0EA /* Build configuration list for PBXNativeTarget "PlayTests" */ = {
			isa = XCConfigurationList;
			buildConfigurations = (
				D859916D193D921C008BE0EA /* Debug */,
				D859916E193D921C008BE0EA /* Release */,
			);
			defaultConfigurationIsVisible = 0;
			defaultConfigurationName = Release;
		};
/* End XCConfigurationList section */
	};
	rootObject = D859914A193D921C008BE0EA /* Project object */;
}
